
Microsoft Visual Studio Solution File, Format Version 12.00
# Visual Studio Version 16
VisualStudioVersion = 16.0.30907.101
MinimumVisualStudioVersion = 10.0.40219.1
Project("{8BC9CEB8-8B4A-11D0-8D11-00A0C91BC942}") = "AssignOperation", "AssignOperation\AssignOperation.vcxproj", "{12E32639-8285-4767-819D-019F48FE9D61}"
EndProject
Project("{8BC9CEB8-8B4A-11D0-8D11-00A0C91BC942}") = "FindNumIn2DArrary", "FindNumIn2DArrary\FindNumIn2DArrary.vcxproj", "{81E9DF23-78B4-4727-8592-B959FC9FCAE8}"
EndProject
Project("{8BC9CEB8-8B4A-11D0-8D11-00A0C91BC942}") = "ReplaceSpace", "ReplaceSpace\ReplaceSpace.vcxproj", "{5801ED6C-6D3F-46DC-BE0E-A65DEFC49DB4}"
EndProject
Project("{8BC9CEB8-8B4A-11D0-8D11-00A0C91BC942}") = "PrintListReversingly", "PrintListReversingly\PrintListReversingly.vcxproj", "{75ADC5DD-1814-429B-8F09-2CCF46826510}"
EndProject
Project("{8BC9CEB8-8B4A-11D0-8D11-00A0C91BC942}") = "Utils", "Utils\Utils.vcxproj", "{CFCC3744-6C69-4896-9D0F-A49EA2D6C1BC}"
EndProject
Project("{8BC9CEB8-8B4A-11D0-8D11-00A0C91BC942}") = "TestList", "TestList\TestList.vcxproj", "{1A3CD62A-0F51-452D-86E2-E6A374E35D2F}"
EndProject
Project("{8BC9CEB8-8B4A-11D0-8D11-00A0C91BC942}") = "TestBinaryTree", "TestBinaryTree\TestBinaryTree.vcxproj", "{500F9FA4-B92D-4A6E-A191-CB8C03E861C1}"
EndProject
Project("{8BC9CEB8-8B4A-11D0-8D11-00A0C91BC942}") = "ConstructBinaryTree", "ConstructBinaryTree\ConstructBinaryTree.vcxproj", "{B47ADA64-A164-414F-848E-ACCC270FACB3}"
EndProject
Project("{8BC9CEB8-8B4A-11D0-8D11-00A0C91BC942}") = "MinnumInRolatedArray", "MinnumInRolatedArray\MinnumInRolatedArray.vcxproj", "{004B0BDE-DABE-45E4-91BC-1FBCFC9671B5}"
EndProject
Project("{8BC9CEB8-8B4A-11D0-8D11-00A0C91BC942}") = "Fabonacci", "Fabonacci\Fabonacci.vcxproj", "{62D00A02-46F7-4A3D-99E4-6AA57D880D10}"
EndProject
Project("{8BC9CEB8-8B4A-11D0-8D11-00A0C91BC942}") = "NumberOfOneInBainary", "NumberOfOneInBainary\NumberOfOneInBainary.vcxproj", "{DC3641AB-B910-411F-9C02-AAAEC17249D9}"
EndProject
Project("{8BC9CEB8-8B4A-11D0-8D11-00A0C91BC942}") = "pow", "pow\pow.vcxproj", "{8FFCE510-07BB-44A6-B81D-10D915E21DB9}"
EndProject
Project("{8BC9CEB8-8B4A-11D0-8D11-00A0C91BC942}") = "PrintToNMaxNum", "PrintToNMaxNum\PrintToNMaxNum.vcxproj", "{9D6C2F4C-38A4-431D-AED9-99461CCD38BB}"
EndProject
Project("{8BC9CEB8-8B4A-11D0-8D11-00A0C91BC942}") = "DeleteNodeInList", "DeleteNodeInList\DeleteNodeInList.vcxproj", "{1ACA14E1-AB1B-4D43-B34C-FA6D351F07B8}"
EndProject
Project("{8BC9CEB8-8B4A-11D0-8D11-00A0C91BC942}") = "ReorderArray", "ReorderArray\ReorderArray.vcxproj", "{7D8B7719-29EF-4BBD-BDC2-B96F7E7777D7}"
EndProject
Project("{8BC9CEB8-8B4A-11D0-8D11-00A0C91BC942}") = "ReverseList", "ReverseList\ReverseList.vcxproj", "{B75BA127-7CC4-4776-9F0B-DBE9D5D621CD}"
EndProject
Project("{8BC9CEB8-8B4A-11D0-8D11-00A0C91BC942}") = "MergeSortedList", "MergeSortedList\MergeSortedList.vcxproj", "{2281B74F-8D39-473B-BEFF-4E1C05259917}"
EndProject
Project("{8BC9CEB8-8B4A-11D0-8D11-00A0C91BC942}") = "HasSubTree", "hasSubTree\hasSubTree.vcxproj", "{5830124E-31E3-4EE5-BE09-8C638AC4EF0F}"
EndProject
Project("{8BC9CEB8-8B4A-11D0-8D11-00A0C91BC942}") = "PrintMatrix", "PrintMatrix\PrintMatrix.vcxproj", "{BA303269-621B-4A1A-AB9F-5FBEF71B4280}"
EndProject
Project("{8BC9CEB8-8B4A-11D0-8D11-00A0C91BC942}") = "printMatrixRe", "printMatrixRe\printMatrixRe.vcxproj", "{44F00AAB-A207-4D23-BC4C-5BB45FABFC9C}"
EndProject
Project("{8BC9CEB8-8B4A-11D0-8D11-00A0C91BC942}") = "MinInStack", "MinInStack\MinInStack.vcxproj", "{E51E7828-4B6D-418C-90CB-3E8AE41E548C}"
EndProject
Project("{8BC9CEB8-8B4A-11D0-8D11-00A0C91BC942}") = "IsPopOrder", "IsPopOrder\IsPopOrder.vcxproj", "{3DFF3AA8-5F91-4363-A918-E0A0BD4912A9}"
EndProject
Project("{8BC9CEB8-8B4A-11D0-8D11-00A0C91BC942}") = "PrintTreeFromTopToBottom", "PrintTreeFromTopToBottom\PrintTreeFromTopToBottom.vcxproj", "{58791795-B5AE-41ED-B8C9-87AE2E5A54CC}"
EndProject
Project("{8BC9CEB8-8B4A-11D0-8D11-00A0C91BC942}") = "SequenceOfBST", "SequenceOfBST\SequenceOfBST.vcxproj", "{49D94972-2963-4D33-8FD8-ACB0FB170249}"
EndProject
Project("{8BC9CEB8-8B4A-11D0-8D11-00A0C91BC942}") = "MirrorTree", "MirrorTree\MirrorTree.vcxproj", "{84894FDE-14C9-4F57-8C32-834928BFDEF2}"
EndProject
Project("{8BC9CEB8-8B4A-11D0-8D11-00A0C91BC942}") = "PathInTree", "PathInTree\PathInTree.vcxproj", "{87B09712-0AA0-45BF-8F7B-1D2CC2A77B89}"
EndProject
Project("{8BC9CEB8-8B4A-11D0-8D11-00A0C91BC942}") = "CloneComplexList", "CloneMutiplexList\CloneMutiplexList.vcxproj", "{695746B6-A6F6-4512-B3E4-1E17A95D1772}"
EndProject
Project("{8BC9CEB8-8B4A-11D0-8D11-00A0C91BC942}") = "ConvertBinarySearchTree", "ConvertBinarySearchTree\ConvertBinarySearchTree.vcxproj", "{83D14F9D-5C7F-4A80-A4FD-45E35B6B3A17}"
EndProject
Project("{8BC9CEB8-8B4A-11D0-8D11-00A0C91BC942}") = "StringPermutation", "StringPermutation\StringPermutation.vcxproj", "{104C05C9-AD37-4153-819F-F3E5674B2B8D}"
EndProject
Project("{8BC9CEB8-8B4A-11D0-8D11-00A0C91BC942}") = "HalfValueInArray", "HalfValueInArray\HalfValueInArray.vcxproj", "{EAD233A2-B947-4AE1-AE9A-00E629B079B7}"
EndProject
Global
	GlobalSection(SolutionConfigurationPlatforms) = preSolution
		Debug|x64 = Debug|x64
		Debug|x86 = Debug|x86
		Release|x64 = Release|x64
		Release|x86 = Release|x86
	EndGlobalSection
	GlobalSection(ProjectConfigurationPlatforms) = postSolution
		{12E32639-8285-4767-819D-019F48FE9D61}.Debug|x64.ActiveCfg = Debug|x64
		{12E32639-8285-4767-819D-019F48FE9D61}.Debug|x64.Build.0 = Debug|x64
		{12E32639-8285-4767-819D-019F48FE9D61}.Debug|x86.ActiveCfg = Debug|Win32
		{12E32639-8285-4767-819D-019F48FE9D61}.Debug|x86.Build.0 = Debug|Win32
		{12E32639-8285-4767-819D-019F48FE9D61}.Release|x64.ActiveCfg = Release|x64
		{12E32639-8285-4767-819D-019F48FE9D61}.Release|x64.Build.0 = Release|x64
		{12E32639-8285-4767-819D-019F48FE9D61}.Release|x86.ActiveCfg = Release|Win32
		{12E32639-8285-4767-819D-019F48FE9D61}.Release|x86.Build.0 = Release|Win32
		{81E9DF23-78B4-4727-8592-B959FC9FCAE8}.Debug|x64.ActiveCfg = Debug|x64
		{81E9DF23-78B4-4727-8592-B959FC9FCAE8}.Debug|x64.Build.0 = Debug|x64
		{81E9DF23-78B4-4727-8592-B959FC9FCAE8}.Debug|x86.ActiveCfg = Debug|Win32
		{81E9DF23-78B4-4727-8592-B959FC9FCAE8}.Debug|x86.Build.0 = Debug|Win32
		{81E9DF23-78B4-4727-8592-B959FC9FCAE8}.Release|x64.ActiveCfg = Release|x64
		{81E9DF23-78B4-4727-8592-B959FC9FCAE8}.Release|x64.Build.0 = Release|x64
		{81E9DF23-78B4-4727-8592-B959FC9FCAE8}.Release|x86.ActiveCfg = Release|Win32
		{81E9DF23-78B4-4727-8592-B959FC9FCAE8}.Release|x86.Build.0 = Release|Win32
		{5801ED6C-6D3F-46DC-BE0E-A65DEFC49DB4}.Debug|x64.ActiveCfg = Debug|x64
		{5801ED6C-6D3F-46DC-BE0E-A65DEFC49DB4}.Debug|x64.Build.0 = Debug|x64
		{5801ED6C-6D3F-46DC-BE0E-A65DEFC49DB4}.Debug|x86.ActiveCfg = Debug|Win32
		{5801ED6C-6D3F-46DC-BE0E-A65DEFC49DB4}.Debug|x86.Build.0 = Debug|Win32
		{5801ED6C-6D3F-46DC-BE0E-A65DEFC49DB4}.Release|x64.ActiveCfg = Release|x64
		{5801ED6C-6D3F-46DC-BE0E-A65DEFC49DB4}.Release|x64.Build.0 = Release|x64
		{5801ED6C-6D3F-46DC-BE0E-A65DEFC49DB4}.Release|x86.ActiveCfg = Release|Win32
		{5801ED6C-6D3F-46DC-BE0E-A65DEFC49DB4}.Release|x86.Build.0 = Release|Win32
		{75ADC5DD-1814-429B-8F09-2CCF46826510}.Debug|x64.ActiveCfg = Debug|x64
		{75ADC5DD-1814-429B-8F09-2CCF46826510}.Debug|x64.Build.0 = Debug|x64
		{75ADC5DD-1814-429B-8F09-2CCF46826510}.Debug|x86.ActiveCfg = Debug|Win32
		{75ADC5DD-1814-429B-8F09-2CCF46826510}.Debug|x86.Build.0 = Debug|Win32
		{75ADC5DD-1814-429B-8F09-2CCF46826510}.Release|x64.ActiveCfg = Release|x64
		{75ADC5DD-1814-429B-8F09-2CCF46826510}.Release|x64.Build.0 = Release|x64
		{75ADC5DD-1814-429B-8F09-2CCF46826510}.Release|x86.ActiveCfg = Release|Win32
		{75ADC5DD-1814-429B-8F09-2CCF46826510}.Release|x86.Build.0 = Release|Win32
		{CFCC3744-6C69-4896-9D0F-A49EA2D6C1BC}.Debug|x64.ActiveCfg = Debug|x64
		{CFCC3744-6C69-4896-9D0F-A49EA2D6C1BC}.Debug|x64.Build.0 = Debug|x64
		{CFCC3744-6C69-4896-9D0F-A49EA2D6C1BC}.Debug|x86.ActiveCfg = Debug|Win32
		{CFCC3744-6C69-4896-9D0F-A49EA2D6C1BC}.Debug|x86.Build.0 = Debug|Win32
		{CFCC3744-6C69-4896-9D0F-A49EA2D6C1BC}.Release|x64.ActiveCfg = Release|x64
		{CFCC3744-6C69-4896-9D0F-A49EA2D6C1BC}.Release|x64.Build.0 = Release|x64
		{CFCC3744-6C69-4896-9D0F-A49EA2D6C1BC}.Release|x86.ActiveCfg = Release|Win32
		{CFCC3744-6C69-4896-9D0F-A49EA2D6C1BC}.Release|x86.Build.0 = Release|Win32
		{1A3CD62A-0F51-452D-86E2-E6A374E35D2F}.Debug|x64.ActiveCfg = Debug|x64
		{1A3CD62A-0F51-452D-86E2-E6A374E35D2F}.Debug|x64.Build.0 = Debug|x64
		{1A3CD62A-0F51-452D-86E2-E6A374E35D2F}.Debug|x86.ActiveCfg = Debug|Win32
		{1A3CD62A-0F51-452D-86E2-E6A374E35D2F}.Debug|x86.Build.0 = Debug|Win32
		{1A3CD62A-0F51-452D-86E2-E6A374E35D2F}.Release|x64.ActiveCfg = Release|x64
		{1A3CD62A-0F51-452D-86E2-E6A374E35D2F}.Release|x64.Build.0 = Release|x64
		{1A3CD62A-0F51-452D-86E2-E6A374E35D2F}.Release|x86.ActiveCfg = Release|Win32
		{1A3CD62A-0F51-452D-86E2-E6A374E35D2F}.Release|x86.Build.0 = Release|Win32
		{500F9FA4-B92D-4A6E-A191-CB8C03E861C1}.Debug|x64.ActiveCfg = Debug|x64
		{500F9FA4-B92D-4A6E-A191-CB8C03E861C1}.Debug|x64.Build.0 = Debug|x64
		{500F9FA4-B92D-4A6E-A191-CB8C03E861C1}.Debug|x86.ActiveCfg = Debug|Win32
		{500F9FA4-B92D-4A6E-A191-CB8C03E861C1}.Debug|x86.Build.0 = Debug|Win32
		{500F9FA4-B92D-4A6E-A191-CB8C03E861C1}.Release|x64.ActiveCfg = Release|x64
		{500F9FA4-B92D-4A6E-A191-CB8C03E861C1}.Release|x64.Build.0 = Release|x64
		{500F9FA4-B92D-4A6E-A191-CB8C03E861C1}.Release|x86.ActiveCfg = Release|Win32
		{500F9FA4-B92D-4A6E-A191-CB8C03E861C1}.Release|x86.Build.0 = Release|Win32
		{B47ADA64-A164-414F-848E-ACCC270FACB3}.Debug|x64.ActiveCfg = Debug|x64
		{B47ADA64-A164-414F-848E-ACCC270FACB3}.Debug|x64.Build.0 = Debug|x64
		{B47ADA64-A164-414F-848E-ACCC270FACB3}.Debug|x86.ActiveCfg = Debug|Win32
		{B47ADA64-A164-414F-848E-ACCC270FACB3}.Debug|x86.Build.0 = Debug|Win32
		{B47ADA64-A164-414F-848E-ACCC270FACB3}.Release|x64.ActiveCfg = Release|x64
		{B47ADA64-A164-414F-848E-ACCC270FACB3}.Release|x64.Build.0 = Release|x64
		{B47ADA64-A164-414F-848E-ACCC270FACB3}.Release|x86.ActiveCfg = Release|Win32
		{B47ADA64-A164-414F-848E-ACCC270FACB3}.Release|x86.Build.0 = Release|Win32
		{004B0BDE-DABE-45E4-91BC-1FBCFC9671B5}.Debug|x64.ActiveCfg = Debug|x64
		{004B0BDE-DABE-45E4-91BC-1FBCFC9671B5}.Debug|x64.Build.0 = Debug|x64
		{004B0BDE-DABE-45E4-91BC-1FBCFC9671B5}.Debug|x86.ActiveCfg = Debug|Win32
		{004B0BDE-DABE-45E4-91BC-1FBCFC9671B5}.Debug|x86.Build.0 = Debug|Win32
		{004B0BDE-DABE-45E4-91BC-1FBCFC9671B5}.Release|x64.ActiveCfg = Release|x64
		{004B0BDE-DABE-45E4-91BC-1FBCFC9671B5}.Release|x64.Build.0 = Release|x64
		{004B0BDE-DABE-45E4-91BC-1FBCFC9671B5}.Release|x86.ActiveCfg = Release|Win32
		{004B0BDE-DABE-45E4-91BC-1FBCFC9671B5}.Release|x86.Build.0 = Release|Win32
		{62D00A02-46F7-4A3D-99E4-6AA57D880D10}.Debug|x64.ActiveCfg = Debug|x64
		{62D00A02-46F7-4A3D-99E4-6AA57D880D10}.Debug|x64.Build.0 = Debug|x64
		{62D00A02-46F7-4A3D-99E4-6AA57D880D10}.Debug|x86.ActiveCfg = Debug|Win32
		{62D00A02-46F7-4A3D-99E4-6AA57D880D10}.Debug|x86.Build.0 = Debug|Win32
		{62D00A02-46F7-4A3D-99E4-6AA57D880D10}.Release|x64.ActiveCfg = Release|x64
		{62D00A02-46F7-4A3D-99E4-6AA57D880D10}.Release|x64.Build.0 = Release|x64
		{62D00A02-46F7-4A3D-99E4-6AA57D880D10}.Release|x86.ActiveCfg = Release|Win32
		{62D00A02-46F7-4A3D-99E4-6AA57D880D10}.Release|x86.Build.0 = Release|Win32
		{DC3641AB-B910-411F-9C02-AAAEC17249D9}.Debug|x64.ActiveCfg = Debug|x64
		{DC3641AB-B910-411F-9C02-AAAEC17249D9}.Debug|x64.Build.0 = Debug|x64
		{DC3641AB-B910-411F-9C02-AAAEC17249D9}.Debug|x86.ActiveCfg = Debug|Win32
		{DC3641AB-B910-411F-9C02-AAAEC17249D9}.Debug|x86.Build.0 = Debug|Win32
		{DC3641AB-B910-411F-9C02-AAAEC17249D9}.Release|x64.ActiveCfg = Release|x64
		{DC3641AB-B910-411F-9C02-AAAEC17249D9}.Release|x64.Build.0 = Release|x64
		{DC3641AB-B910-411F-9C02-AAAEC17249D9}.Release|x86.ActiveCfg = Release|Win32
		{DC3641AB-B910-411F-9C02-AAAEC17249D9}.Release|x86.Build.0 = Release|Win32
		{8FFCE510-07BB-44A6-B81D-10D915E21DB9}.Debug|x64.ActiveCfg = Debug|x64
		{8FFCE510-07BB-44A6-B81D-10D915E21DB9}.Debug|x64.Build.0 = Debug|x64
		{8FFCE510-07BB-44A6-B81D-10D915E21DB9}.Debug|x86.ActiveCfg = Debug|Win32
		{8FFCE510-07BB-44A6-B81D-10D915E21DB9}.Debug|x86.Build.0 = Debug|Win32
		{8FFCE510-07BB-44A6-B81D-10D915E21DB9}.Release|x64.ActiveCfg = Release|x64
		{8FFCE510-07BB-44A6-B81D-10D915E21DB9}.Release|x64.Build.0 = Release|x64
		{8FFCE510-07BB-44A6-B81D-10D915E21DB9}.Release|x86.ActiveCfg = Release|Win32
		{8FFCE510-07BB-44A6-B81D-10D915E21DB9}.Release|x86.Build.0 = Release|Win32
		{9D6C2F4C-38A4-431D-AED9-99461CCD38BB}.Debug|x64.ActiveCfg = Debug|x64
		{9D6C2F4C-38A4-431D-AED9-99461CCD38BB}.Debug|x64.Build.0 = Debug|x64
		{9D6C2F4C-38A4-431D-AED9-99461CCD38BB}.Debug|x86.ActiveCfg = Debug|Win32
		{9D6C2F4C-38A4-431D-AED9-99461CCD38BB}.Debug|x86.Build.0 = Debug|Win32
		{9D6C2F4C-38A4-431D-AED9-99461CCD38BB}.Release|x64.ActiveCfg = Release|x64
		{9D6C2F4C-38A4-431D-AED9-99461CCD38BB}.Release|x64.Build.0 = Release|x64
		{9D6C2F4C-38A4-431D-AED9-99461CCD38BB}.Release|x86.ActiveCfg = Release|Win32
		{9D6C2F4C-38A4-431D-AED9-99461CCD38BB}.Release|x86.Build.0 = Release|Win32
		{1ACA14E1-AB1B-4D43-B34C-FA6D351F07B8}.Debug|x64.ActiveCfg = Debug|x64
		{1ACA14E1-AB1B-4D43-B34C-FA6D351F07B8}.Debug|x64.Build.0 = Debug|x64
		{1ACA14E1-AB1B-4D43-B34C-FA6D351F07B8}.Debug|x86.ActiveCfg = Debug|Win32
		{1ACA14E1-AB1B-4D43-B34C-FA6D351F07B8}.Debug|x86.Build.0 = Debug|Win32
		{1ACA14E1-AB1B-4D43-B34C-FA6D351F07B8}.Release|x64.ActiveCfg = Release|x64
		{1ACA14E1-AB1B-4D43-B34C-FA6D351F07B8}.Release|x64.Build.0 = Release|x64
		{1ACA14E1-AB1B-4D43-B34C-FA6D351F07B8}.Release|x86.ActiveCfg = Release|Win32
		{1ACA14E1-AB1B-4D43-B34C-FA6D351F07B8}.Release|x86.Build.0 = Release|Win32
		{7D8B7719-29EF-4BBD-BDC2-B96F7E7777D7}.Debug|x64.ActiveCfg = Debug|x64
		{7D8B7719-29EF-4BBD-BDC2-B96F7E7777D7}.Debug|x64.Build.0 = Debug|x64
		{7D8B7719-29EF-4BBD-BDC2-B96F7E7777D7}.Debug|x86.ActiveCfg = Debug|Win32
		{7D8B7719-29EF-4BBD-BDC2-B96F7E7777D7}.Debug|x86.Build.0 = Debug|Win32
		{7D8B7719-29EF-4BBD-BDC2-B96F7E7777D7}.Release|x64.ActiveCfg = Release|x64
		{7D8B7719-29EF-4BBD-BDC2-B96F7E7777D7}.Release|x64.Build.0 = Release|x64
		{7D8B7719-29EF-4BBD-BDC2-B96F7E7777D7}.Release|x86.ActiveCfg = Release|Win32
		{7D8B7719-29EF-4BBD-BDC2-B96F7E7777D7}.Release|x86.Build.0 = Release|Win32
		{B75BA127-7CC4-4776-9F0B-DBE9D5D621CD}.Debug|x64.ActiveCfg = Debug|x64
		{B75BA127-7CC4-4776-9F0B-DBE9D5D621CD}.Debug|x64.Build.0 = Debug|x64
		{B75BA127-7CC4-4776-9F0B-DBE9D5D621CD}.Debug|x86.ActiveCfg = Debug|Win32
		{B75BA127-7CC4-4776-9F0B-DBE9D5D621CD}.Debug|x86.Build.0 = Debug|Win32
		{B75BA127-7CC4-4776-9F0B-DBE9D5D621CD}.Release|x64.ActiveCfg = Release|x64
		{B75BA127-7CC4-4776-9F0B-DBE9D5D621CD}.Release|x64.Build.0 = Release|x64
		{B75BA127-7CC4-4776-9F0B-DBE9D5D621CD}.Release|x86.ActiveCfg = Release|Win32
		{B75BA127-7CC4-4776-9F0B-DBE9D5D621CD}.Release|x86.Build.0 = Release|Win32
		{2281B74F-8D39-473B-BEFF-4E1C05259917}.Debug|x64.ActiveCfg = Debug|x64
		{2281B74F-8D39-473B-BEFF-4E1C05259917}.Debug|x64.Build.0 = Debug|x64
		{2281B74F-8D39-473B-BEFF-4E1C05259917}.Debug|x86.ActiveCfg = Debug|Win32
		{2281B74F-8D39-473B-BEFF-4E1C05259917}.Debug|x86.Build.0 = Debug|Win32
		{2281B74F-8D39-473B-BEFF-4E1C05259917}.Release|x64.ActiveCfg = Release|x64
		{2281B74F-8D39-473B-BEFF-4E1C05259917}.Release|x64.Build.0 = Release|x64
		{2281B74F-8D39-473B-BEFF-4E1C05259917}.Release|x86.ActiveCfg = Release|Win32
		{2281B74F-8D39-473B-BEFF-4E1C05259917}.Release|x86.Build.0 = Release|Win32
		{5830124E-31E3-4EE5-BE09-8C638AC4EF0F}.Debug|x64.ActiveCfg = Debug|x64
		{5830124E-31E3-4EE5-BE09-8C638AC4EF0F}.Debug|x64.Build.0 = Debug|x64
		{5830124E-31E3-4EE5-BE09-8C638AC4EF0F}.Debug|x86.ActiveCfg = Debug|Win32
		{5830124E-31E3-4EE5-BE09-8C638AC4EF0F}.Debug|x86.Build.0 = Debug|Win32
		{5830124E-31E3-4EE5-BE09-8C638AC4EF0F}.Release|x64.ActiveCfg = Release|x64
		{5830124E-31E3-4EE5-BE09-8C638AC4EF0F}.Release|x64.Build.0 = Release|x64
		{5830124E-31E3-4EE5-BE09-8C638AC4EF0F}.Release|x86.ActiveCfg = Release|Win32
		{5830124E-31E3-4EE5-BE09-8C638AC4EF0F}.Release|x86.Build.0 = Release|Win32
		{BA303269-621B-4A1A-AB9F-5FBEF71B4280}.Debug|x64.ActiveCfg = Debug|x64
		{BA303269-621B-4A1A-AB9F-5FBEF71B4280}.Debug|x64.Build.0 = Debug|x64
		{BA303269-621B-4A1A-AB9F-5FBEF71B4280}.Debug|x86.ActiveCfg = Debug|Win32
		{BA303269-621B-4A1A-AB9F-5FBEF71B4280}.Debug|x86.Build.0 = Debug|Win32
		{BA303269-621B-4A1A-AB9F-5FBEF71B4280}.Release|x64.ActiveCfg = Release|x64
		{BA303269-621B-4A1A-AB9F-5FBEF71B4280}.Release|x64.Build.0 = Release|x64
		{BA303269-621B-4A1A-AB9F-5FBEF71B4280}.Release|x86.ActiveCfg = Release|Win32
		{BA303269-621B-4A1A-AB9F-5FBEF71B4280}.Release|x86.Build.0 = Release|Win32
		{44F00AAB-A207-4D23-BC4C-5BB45FABFC9C}.Debug|x64.ActiveCfg = Debug|x64
		{44F00AAB-A207-4D23-BC4C-5BB45FABFC9C}.Debug|x64.Build.0 = Debug|x64
		{44F00AAB-A207-4D23-BC4C-5BB45FABFC9C}.Debug|x86.ActiveCfg = Debug|Win32
		{44F00AAB-A207-4D23-BC4C-5BB45FABFC9C}.Debug|x86.Build.0 = Debug|Win32
		{44F00AAB-A207-4D23-BC4C-5BB45FABFC9C}.Release|x64.ActiveCfg = Release|x64
		{44F00AAB-A207-4D23-BC4C-5BB45FABFC9C}.Release|x64.Build.0 = Release|x64
		{44F00AAB-A207-4D23-BC4C-5BB45FABFC9C}.Release|x86.ActiveCfg = Release|Win32
		{44F00AAB-A207-4D23-BC4C-5BB45FABFC9C}.Release|x86.Build.0 = Release|Win32
		{E51E7828-4B6D-418C-90CB-3E8AE41E548C}.Debug|x64.ActiveCfg = Debug|x64
		{E51E7828-4B6D-418C-90CB-3E8AE41E548C}.Debug|x64.Build.0 = Debug|x64
		{E51E7828-4B6D-418C-90CB-3E8AE41E548C}.Debug|x86.ActiveCfg = Debug|Win32
		{E51E7828-4B6D-418C-90CB-3E8AE41E548C}.Debug|x86.Build.0 = Debug|Win32
		{E51E7828-4B6D-418C-90CB-3E8AE41E548C}.Release|x64.ActiveCfg = Release|x64
		{E51E7828-4B6D-418C-90CB-3E8AE41E548C}.Release|x64.Build.0 = Release|x64
		{E51E7828-4B6D-418C-90CB-3E8AE41E548C}.Release|x86.ActiveCfg = Release|Win32
		{E51E7828-4B6D-418C-90CB-3E8AE41E548C}.Release|x86.Build.0 = Release|Win32
		{3DFF3AA8-5F91-4363-A918-E0A0BD4912A9}.Debug|x64.ActiveCfg = Debug|x64
		{3DFF3AA8-5F91-4363-A918-E0A0BD4912A9}.Debug|x64.Build.0 = Debug|x64
		{3DFF3AA8-5F91-4363-A918-E0A0BD4912A9}.Debug|x86.ActiveCfg = Debug|Win32
		{3DFF3AA8-5F91-4363-A918-E0A0BD4912A9}.Debug|x86.Build.0 = Debug|Win32
		{3DFF3AA8-5F91-4363-A918-E0A0BD4912A9}.Release|x64.ActiveCfg = Release|x64
		{3DFF3AA8-5F91-4363-A918-E0A0BD4912A9}.Release|x64.Build.0 = Release|x64
		{3DFF3AA8-5F91-4363-A918-E0A0BD4912A9}.Release|x86.ActiveCfg = Release|Win32
		{3DFF3AA8-5F91-4363-A918-E0A0BD4912A9}.Release|x86.Build.0 = Release|Win32
		{58791795-B5AE-41ED-B8C9-87AE2E5A54CC}.Debug|x64.ActiveCfg = Debug|x64
		{58791795-B5AE-41ED-B8C9-87AE2E5A54CC}.Debug|x64.Build.0 = Debug|x64
		{58791795-B5AE-41ED-B8C9-87AE2E5A54CC}.Debug|x86.ActiveCfg = Debug|Win32
		{58791795-B5AE-41ED-B8C9-87AE2E5A54CC}.Debug|x86.Build.0 = Debug|Win32
		{58791795-B5AE-41ED-B8C9-87AE2E5A54CC}.Release|x64.ActiveCfg = Release|x64
		{58791795-B5AE-41ED-B8C9-87AE2E5A54CC}.Release|x64.Build.0 = Release|x64
		{58791795-B5AE-41ED-B8C9-87AE2E5A54CC}.Release|x86.ActiveCfg = Release|Win32
		{58791795-B5AE-41ED-B8C9-87AE2E5A54CC}.Release|x86.Build.0 = Release|Win32
		{49D94972-2963-4D33-8FD8-ACB0FB170249}.Debug|x64.ActiveCfg = Debug|x64
		{49D94972-2963-4D33-8FD8-ACB0FB170249}.Debug|x64.Build.0 = Debug|x64
		{49D94972-2963-4D33-8FD8-ACB0FB170249}.Debug|x86.ActiveCfg = Debug|Win32
		{49D94972-2963-4D33-8FD8-ACB0FB170249}.Debug|x86.Build.0 = Debug|Win32
		{49D94972-2963-4D33-8FD8-ACB0FB170249}.Release|x64.ActiveCfg = Release|x64
		{49D94972-2963-4D33-8FD8-ACB0FB170249}.Release|x64.Build.0 = Release|x64
		{49D94972-2963-4D33-8FD8-ACB0FB170249}.Release|x86.ActiveCfg = Release|Win32
		{49D94972-2963-4D33-8FD8-ACB0FB170249}.Release|x86.Build.0 = Release|Win32
		{84894FDE-14C9-4F57-8C32-834928BFDEF2}.Debug|x64.ActiveCfg = Debug|x64
		{84894FDE-14C9-4F57-8C32-834928BFDEF2}.Debug|x64.Build.0 = Debug|x64
		{84894FDE-14C9-4F57-8C32-834928BFDEF2}.Debug|x86.ActiveCfg = Debug|Win32
		{84894FDE-14C9-4F57-8C32-834928BFDEF2}.Debug|x86.Build.0 = Debug|Win32
		{84894FDE-14C9-4F57-8C32-834928BFDEF2}.Release|x64.ActiveCfg = Release|x64
		{84894FDE-14C9-4F57-8C32-834928BFDEF2}.Release|x64.Build.0 = Release|x64
		{84894FDE-14C9-4F57-8C32-834928BFDEF2}.Release|x86.ActiveCfg = Release|Win32
		{84894FDE-14C9-4F57-8C32-834928BFDEF2}.Release|x86.Build.0 = Release|Win32
		{87B09712-0AA0-45BF-8F7B-1D2CC2A77B89}.Debug|x64.ActiveCfg = Debug|x64
		{87B09712-0AA0-45BF-8F7B-1D2CC2A77B89}.Debug|x64.Build.0 = Debug|x64
		{87B09712-0AA0-45BF-8F7B-1D2CC2A77B89}.Debug|x86.ActiveCfg = Debug|Win32
		{87B09712-0AA0-45BF-8F7B-1D2CC2A77B89}.Debug|x86.Build.0 = Debug|Win32
		{87B09712-0AA0-45BF-8F7B-1D2CC2A77B89}.Release|x64.ActiveCfg = Release|x64
		{87B09712-0AA0-45BF-8F7B-1D2CC2A77B89}.Release|x64.Build.0 = Release|x64
		{87B09712-0AA0-45BF-8F7B-1D2CC2A77B89}.Release|x86.ActiveCfg = Release|Win32
		{87B09712-0AA0-45BF-8F7B-1D2CC2A77B89}.Release|x86.Build.0 = Release|Win32
		{695746B6-A6F6-4512-B3E4-1E17A95D1772}.Debug|x64.ActiveCfg = Debug|x64
		{695746B6-A6F6-4512-B3E4-1E17A95D1772}.Debug|x64.Build.0 = Debug|x64
		{695746B6-A6F6-4512-B3E4-1E17A95D1772}.Debug|x86.ActiveCfg = Debug|Win32
		{695746B6-A6F6-4512-B3E4-1E17A95D1772}.Debug|x86.Build.0 = Debug|Win32
		{695746B6-A6F6-4512-B3E4-1E17A95D1772}.Release|x64.ActiveCfg = Release|x64
		{695746B6-A6F6-4512-B3E4-1E17A95D1772}.Release|x64.Build.0 = Release|x64
		{695746B6-A6F6-4512-B3E4-1E17A95D1772}.Release|x86.ActiveCfg = Release|Win32
		{695746B6-A6F6-4512-B3E4-1E17A95D1772}.Release|x86.Build.0 = Release|Win32
		{83D14F9D-5C7F-4A80-A4FD-45E35B6B3A17}.Debug|x64.ActiveCfg = Debug|x64
		{83D14F9D-5C7F-4A80-A4FD-45E35B6B3A17}.Debug|x64.Build.0 = Debug|x64
		{83D14F9D-5C7F-4A80-A4FD-45E35B6B3A17}.Debug|x86.ActiveCfg = Debug|Win32
		{83D14F9D-5C7F-4A80-A4FD-45E35B6B3A17}.Debug|x86.Build.0 = Debug|Win32
		{83D14F9D-5C7F-4A80-A4FD-45E35B6B3A17}.Release|x64.ActiveCfg = Release|x64
		{83D14F9D-5C7F-4A80-A4FD-45E35B6B3A17}.Release|x64.Build.0 = Release|x64
		{83D14F9D-5C7F-4A80-A4FD-45E35B6B3A17}.Release|x86.ActiveCfg = Release|Win32
		{83D14F9D-5C7F-4A80-A4FD-45E35B6B3A17}.Release|x86.Build.0 = Release|Win32
		{104C05C9-AD37-4153-819F-F3E5674B2B8D}.Debug|x64.ActiveCfg = Debug|x64
		{104C05C9-AD37-4153-819F-F3E5674B2B8D}.Debug|x64.Build.0 = Debug|x64
		{104C05C9-AD37-4153-819F-F3E5674B2B8D}.Debug|x86.ActiveCfg = Debug|Win32
		{104C05C9-AD37-4153-819F-F3E5674B2B8D}.Debug|x86.Build.0 = Debug|Win32
		{104C05C9-AD37-4153-819F-F3E5674B2B8D}.Release|x64.ActiveCfg = Release|x64
		{104C05C9-AD37-4153-819F-F3E5674B2B8D}.Release|x64.Build.0 = Release|x64
		{104C05C9-AD37-4153-819F-F3E5674B2B8D}.Release|x86.ActiveCfg = Release|Win32
		{104C05C9-AD37-4153-819F-F3E5674B2B8D}.Release|x86.Build.0 = Release|Win32
		{EAD233A2-B947-4AE1-AE9A-00E629B079B7}.Debug|x64.ActiveCfg = Debug|x64
		{EAD233A2-B947-4AE1-AE9A-00E629B079B7}.Debug|x64.Build.0 = Debug|x64
		{EAD233A2-B947-4AE1-AE9A-00E629B079B7}.Debug|x86.ActiveCfg = Debug|Win32
		{EAD233A2-B947-4AE1-AE9A-00E629B079B7}.Debug|x86.Build.0 = Debug|Win32
		{EAD233A2-B947-4AE1-AE9A-00E629B079B7}.Release|x64.ActiveCfg = Release|x64
		{EAD233A2-B947-4AE1-AE9A-00E629B079B7}.Release|x64.Build.0 = Release|x64
		{EAD233A2-B947-4AE1-AE9A-00E629B079B7}.Release|x86.ActiveCfg = Release|Win32
		{EAD233A2-B947-4AE1-AE9A-00E629B079B7}.Release|x86.Build.0 = Release|Win32
	EndGlobalSection
	GlobalSection(SolutionProperties) = preSolution
		HideSolutionNode = FALSE
	EndGlobalSection
	GlobalSection(ExtensibilityGlobals) = postSolution
		SolutionGuid = {26F6954C-D149-444D-9149-924FA3512E96}
	EndGlobalSection
EndGlobal
