
Microsoft Visual Studio Solution File, Format Version 12.00
# Visual Studio Version 17
VisualStudioVersion = 17.2.32630.192
MinimumVisualStudioVersion = 10.0.40219.1
Project("{8BC9CEB8-8B4A-11D0-8D11-00A0C91BC942}") = "AssignOperation", "AssignOperation\AssignOperation.vcxproj", "{12E32639-8285-4767-819D-019F48FE9D61}"
EndProject
Project("{8BC9CEB8-8B4A-11D0-8D11-00A0C91BC942}") = "FindNumIn2DArrary", "FindNumIn2DArrary\FindNumIn2DArrary.vcxproj", "{81E9DF23-78B4-4727-8592-B959FC9FCAE8}"
EndProject
Project("{8BC9CEB8-8B4A-11D0-8D11-00A0C91BC942}") = "ReplaceSpace", "ReplaceSpace\ReplaceSpace.vcxproj", "{5801ED6C-6D3F-46DC-BE0E-A65DEFC49DB4}"
EndProject
Project("{8BC9CEB8-8B4A-11D0-8D11-00A0C91BC942}") = "PrintListReversingly", "PrintListReversingly\PrintListReversingly.vcxproj", "{75ADC5DD-1814-429B-8F09-2CCF46826510}"
EndProject
Project("{8BC9CEB8-8B4A-11D0-8D11-00A0C91BC942}") = "Utils", "Utils\Utils.vcxproj", "{CFCC3744-6C69-4896-9D0F-A49EA2D6C1BC}"
EndProject
Project("{8BC9CEB8-8B4A-11D0-8D11-00A0C91BC942}") = "TestList", "TestList\TestList.vcxproj", "{1A3CD62A-0F51-452D-86E2-E6A374E35D2F}"
EndProject
Project("{8BC9CEB8-8B4A-11D0-8D11-00A0C91BC942}") = "TestBinaryTree", "TestBinaryTree\TestBinaryTree.vcxproj", "{500F9FA4-B92D-4A6E-A191-CB8C03E861C1}"
EndProject
Project("{8BC9CEB8-8B4A-11D0-8D11-00A0C91BC942}") = "ConstructBinaryTree", "ConstructBinaryTree\ConstructBinaryTree.vcxproj", "{B47ADA64-A164-414F-848E-ACCC270FACB3}"
EndProject
Project("{8BC9CEB8-8B4A-11D0-8D11-00A0C91BC942}") = "MinnumInRolatedArray", "MinnumInRolatedArray\MinnumInRolatedArray.vcxproj", "{004B0BDE-DABE-45E4-91BC-1FBCFC9671B5}"
EndProject
Project("{8BC9CEB8-8B4A-11D0-8D11-00A0C91BC942}") = "Fabonacci", "Fabonacci\Fabonacci.vcxproj", "{62D00A02-46F7-4A3D-99E4-6AA57D880D10}"
EndProject
Global
	GlobalSection(SolutionConfigurationPlatforms) = preSolution
		Debug|x64 = Debug|x64
		Debug|x86 = Debug|x86
		Release|x64 = Release|x64
		Release|x86 = Release|x86
	EndGlobalSection
	GlobalSection(ProjectConfigurationPlatforms) = postSolution
		{12E32639-8285-4767-819D-019F48FE9D61}.Debug|x64.ActiveCfg = Debug|x64
		{12E32639-8285-4767-819D-019F48FE9D61}.Debug|x64.Build.0 = Debug|x64
		{12E32639-8285-4767-819D-019F48FE9D61}.Debug|x86.ActiveCfg = Debug|Win32
		{12E32639-8285-4767-819D-019F48FE9D61}.Debug|x86.Build.0 = Debug|Win32
		{12E32639-8285-4767-819D-019F48FE9D61}.Release|x64.ActiveCfg = Release|x64
		{12E32639-8285-4767-819D-019F48FE9D61}.Release|x64.Build.0 = Release|x64
		{12E32639-8285-4767-819D-019F48FE9D61}.Release|x86.ActiveCfg = Release|Win32
		{12E32639-8285-4767-819D-019F48FE9D61}.Release|x86.Build.0 = Release|Win32
		{81E9DF23-78B4-4727-8592-B959FC9FCAE8}.Debug|x64.ActiveCfg = Debug|x64
		{81E9DF23-78B4-4727-8592-B959FC9FCAE8}.Debug|x64.Build.0 = Debug|x64
		{81E9DF23-78B4-4727-8592-B959FC9FCAE8}.Debug|x86.ActiveCfg = Debug|Win32
		{81E9DF23-78B4-4727-8592-B959FC9FCAE8}.Debug|x86.Build.0 = Debug|Win32
		{81E9DF23-78B4-4727-8592-B959FC9FCAE8}.Release|x64.ActiveCfg = Release|x64
		{81E9DF23-78B4-4727-8592-B959FC9FCAE8}.Release|x64.Build.0 = Release|x64
		{81E9DF23-78B4-4727-8592-B959FC9FCAE8}.Release|x86.ActiveCfg = Release|Win32
		{81E9DF23-78B4-4727-8592-B959FC9FCAE8}.Release|x86.Build.0 = Release|Win32
		{5801ED6C-6D3F-46DC-BE0E-A65DEFC49DB4}.Debug|x64.ActiveCfg = Debug|x64
		{5801ED6C-6D3F-46DC-BE0E-A65DEFC49DB4}.Debug|x64.Build.0 = Debug|x64
		{5801ED6C-6D3F-46DC-BE0E-A65DEFC49DB4}.Debug|x86.ActiveCfg = Debug|Win32
		{5801ED6C-6D3F-46DC-BE0E-A65DEFC49DB4}.Debug|x86.Build.0 = Debug|Win32
		{5801ED6C-6D3F-46DC-BE0E-A65DEFC49DB4}.Release|x64.ActiveCfg = Release|x64
		{5801ED6C-6D3F-46DC-BE0E-A65DEFC49DB4}.Release|x64.Build.0 = Release|x64
		{5801ED6C-6D3F-46DC-BE0E-A65DEFC49DB4}.Release|x86.ActiveCfg = Release|Win32
		{5801ED6C-6D3F-46DC-BE0E-A65DEFC49DB4}.Release|x86.Build.0 = Release|Win32
		{75ADC5DD-1814-429B-8F09-2CCF46826510}.Debug|x64.ActiveCfg = Debug|x64
		{75ADC5DD-1814-429B-8F09-2CCF46826510}.Debug|x64.Build.0 = Debug|x64
		{75ADC5DD-1814-429B-8F09-2CCF46826510}.Debug|x86.ActiveCfg = Debug|Win32
		{75ADC5DD-1814-429B-8F09-2CCF46826510}.Debug|x86.Build.0 = Debug|Win32
		{75ADC5DD-1814-429B-8F09-2CCF46826510}.Release|x64.ActiveCfg = Release|x64
		{75ADC5DD-1814-429B-8F09-2CCF46826510}.Release|x64.Build.0 = Release|x64
		{75ADC5DD-1814-429B-8F09-2CCF46826510}.Release|x86.ActiveCfg = Release|Win32
		{75ADC5DD-1814-429B-8F09-2CCF46826510}.Release|x86.Build.0 = Release|Win32
		{CFCC3744-6C69-4896-9D0F-A49EA2D6C1BC}.Debug|x64.ActiveCfg = Debug|x64
		{CFCC3744-6C69-4896-9D0F-A49EA2D6C1BC}.Debug|x64.Build.0 = Debug|x64
		{CFCC3744-6C69-4896-9D0F-A49EA2D6C1BC}.Debug|x86.ActiveCfg = Debug|Win32
		{CFCC3744-6C69-4896-9D0F-A49EA2D6C1BC}.Debug|x86.Build.0 = Debug|Win32
		{CFCC3744-6C69-4896-9D0F-A49EA2D6C1BC}.Release|x64.ActiveCfg = Release|x64
		{CFCC3744-6C69-4896-9D0F-A49EA2D6C1BC}.Release|x64.Build.0 = Release|x64
		{CFCC3744-6C69-4896-9D0F-A49EA2D6C1BC}.Release|x86.ActiveCfg = Release|Win32
		{CFCC3744-6C69-4896-9D0F-A49EA2D6C1BC}.Release|x86.Build.0 = Release|Win32
		{1A3CD62A-0F51-452D-86E2-E6A374E35D2F}.Debug|x64.ActiveCfg = Debug|x64
		{1A3CD62A-0F51-452D-86E2-E6A374E35D2F}.Debug|x64.Build.0 = Debug|x64
		{1A3CD62A-0F51-452D-86E2-E6A374E35D2F}.Debug|x86.ActiveCfg = Debug|Win32
		{1A3CD62A-0F51-452D-86E2-E6A374E35D2F}.Debug|x86.Build.0 = Debug|Win32
		{1A3CD62A-0F51-452D-86E2-E6A374E35D2F}.Release|x64.ActiveCfg = Release|x64
		{1A3CD62A-0F51-452D-86E2-E6A374E35D2F}.Release|x64.Build.0 = Release|x64
		{1A3CD62A-0F51-452D-86E2-E6A374E35D2F}.Release|x86.ActiveCfg = Release|Win32
		{1A3CD62A-0F51-452D-86E2-E6A374E35D2F}.Release|x86.Build.0 = Release|Win32
		{500F9FA4-B92D-4A6E-A191-CB8C03E861C1}.Debug|x64.ActiveCfg = Debug|x64
		{500F9FA4-B92D-4A6E-A191-CB8C03E861C1}.Debug|x64.Build.0 = Debug|x64
		{500F9FA4-B92D-4A6E-A191-CB8C03E861C1}.Debug|x86.ActiveCfg = Debug|Win32
		{500F9FA4-B92D-4A6E-A191-CB8C03E861C1}.Debug|x86.Build.0 = Debug|Win32
		{500F9FA4-B92D-4A6E-A191-CB8C03E861C1}.Release|x64.ActiveCfg = Release|x64
		{500F9FA4-B92D-4A6E-A191-CB8C03E861C1}.Release|x64.Build.0 = Release|x64
		{500F9FA4-B92D-4A6E-A191-CB8C03E861C1}.Release|x86.ActiveCfg = Release|Win32
		{500F9FA4-B92D-4A6E-A191-CB8C03E861C1}.Release|x86.Build.0 = Release|Win32
		{B47ADA64-A164-414F-848E-ACCC270FACB3}.Debug|x64.ActiveCfg = Debug|x64
		{B47ADA64-A164-414F-848E-ACCC270FACB3}.Debug|x64.Build.0 = Debug|x64
		{B47ADA64-A164-414F-848E-ACCC270FACB3}.Debug|x86.ActiveCfg = Debug|Win32
		{B47ADA64-A164-414F-848E-ACCC270FACB3}.Debug|x86.Build.0 = Debug|Win32
		{B47ADA64-A164-414F-848E-ACCC270FACB3}.Release|x64.ActiveCfg = Release|x64
		{B47ADA64-A164-414F-848E-ACCC270FACB3}.Release|x64.Build.0 = Release|x64
		{B47ADA64-A164-414F-848E-ACCC270FACB3}.Release|x86.ActiveCfg = Release|Win32
		{B47ADA64-A164-414F-848E-ACCC270FACB3}.Release|x86.Build.0 = Release|Win32
		{004B0BDE-DABE-45E4-91BC-1FBCFC9671B5}.Debug|x64.ActiveCfg = Debug|x64
		{004B0BDE-DABE-45E4-91BC-1FBCFC9671B5}.Debug|x64.Build.0 = Debug|x64
		{004B0BDE-DABE-45E4-91BC-1FBCFC9671B5}.Debug|x86.ActiveCfg = Debug|Win32
		{004B0BDE-DABE-45E4-91BC-1FBCFC9671B5}.Debug|x86.Build.0 = Debug|Win32
		{004B0BDE-DABE-45E4-91BC-1FBCFC9671B5}.Release|x64.ActiveCfg = Release|x64
		{004B0BDE-DABE-45E4-91BC-1FBCFC9671B5}.Release|x64.Build.0 = Release|x64
		{004B0BDE-DABE-45E4-91BC-1FBCFC9671B5}.Release|x86.ActiveCfg = Release|Win32
		{004B0BDE-DABE-45E4-91BC-1FBCFC9671B5}.Release|x86.Build.0 = Release|Win32
		{62D00A02-46F7-4A3D-99E4-6AA57D880D10}.Debug|x64.ActiveCfg = Debug|x64
		{62D00A02-46F7-4A3D-99E4-6AA57D880D10}.Debug|x64.Build.0 = Debug|x64
		{62D00A02-46F7-4A3D-99E4-6AA57D880D10}.Debug|x86.ActiveCfg = Debug|Win32
		{62D00A02-46F7-4A3D-99E4-6AA57D880D10}.Debug|x86.Build.0 = Debug|Win32
		{62D00A02-46F7-4A3D-99E4-6AA57D880D10}.Release|x64.ActiveCfg = Release|x64
		{62D00A02-46F7-4A3D-99E4-6AA57D880D10}.Release|x64.Build.0 = Release|x64
		{62D00A02-46F7-4A3D-99E4-6AA57D880D10}.Release|x86.ActiveCfg = Release|Win32
		{62D00A02-46F7-4A3D-99E4-6AA57D880D10}.Release|x86.Build.0 = Release|Win32
	EndGlobalSection
	GlobalSection(SolutionProperties) = preSolution
		HideSolutionNode = FALSE
	EndGlobalSection
	GlobalSection(ExtensibilityGlobals) = postSolution
		SolutionGuid = {26F6954C-D149-444D-9149-924FA3512E96}
	EndGlobalSection
EndGlobal
